
Microsoft Visual Studio Solution File, Format Version 12.00
# Visual Studio 15
VisualStudioVersion = 15.0.28010.2019
MinimumVisualStudioVersion = 10.0.40219.1
Project("{F2A71F9B-5D33-465A-A702-920D77279786}") = "Lectures", "Lectures\Lectures.fsproj", "{69CA3587-183D-4777-9945-F46A09A2C2DE}"
EndProject
Global
	GlobalSection(SolutionConfigurationPlatforms) = preSolution
		Debug|Any CPU = Debug|Any CPU
		Release|Any CPU = Release|Any CPU
	EndGlobalSection
	GlobalSection(ProjectConfigurationPlatforms) = postSolution
		{69CA3587-183D-4777-9945-F46A09A2C2DE}.Debug|Any CPU.ActiveCfg = Debug|Any CPU
		{69CA3587-183D-4777-9945-F46A09A2C2DE}.Debug|Any CPU.Build.0 = Debug|Any CPU
		{69CA3587-183D-4777-9945-F46A09A2C2DE}.Release|Any CPU.ActiveCfg = Release|Any CPU
		{69CA3587-183D-4777-9945-F46A09A2C2DE}.Release|Any CPU.Build.0 = Release|Any CPU
	EndGlobalSection
	GlobalSection(SolutionProperties) = preSolution
		HideSolutionNode = FALSE
	EndGlobalSection
	GlobalSection(ExtensibilityGlobals) = postSolution
		SolutionGuid = {A3D95C7A-8394-4B16-B849-62D5BE4012D4}
	EndGlobalSection
EndGlobal
